
Microsoft Visual Studio Solution File, Format Version 12.00
# Visual Studio 15
VisualStudioVersion = 15.0.27004.2002
MinimumVisualStudioVersion = 10.0.40219.1
Project("{FAE04EC0-301F-11D3-BF4B-00C04F79EFBC}") = "MusicAPIStore", "MusicAPIStore\MusicAPIStore.csproj", "{094FDD34-C9F4-4E0B-B20C-E7E6A6EF6AF6}"
EndProject
Project("{FAE04EC0-301F-11D3-BF4B-00C04F79EFBC}") = "MusicAPIStore.Tests", "MusicAPIStore.Tests\MusicAPIStore.Tests.csproj", "{5ABF3B1F-E3AA-4821-AF4C-38CD71A44C11}"
EndProject
Global
	GlobalSection(SolutionConfigurationPlatforms) = preSolution
		Debug|Any CPU = Debug|Any CPU
		Release|Any CPU = Release|Any CPU
	EndGlobalSection
	GlobalSection(ProjectConfigurationPlatforms) = postSolution
		{094FDD34-C9F4-4E0B-B20C-E7E6A6EF6AF6}.Debug|Any CPU.ActiveCfg = Debug|Any CPU
		{094FDD34-C9F4-4E0B-B20C-E7E6A6EF6AF6}.Debug|Any CPU.Build.0 = Debug|Any CPU
		{094FDD34-C9F4-4E0B-B20C-E7E6A6EF6AF6}.Release|Any CPU.ActiveCfg = Release|Any CPU
		{094FDD34-C9F4-4E0B-B20C-E7E6A6EF6AF6}.Release|Any CPU.Build.0 = Release|Any CPU
		{5ABF3B1F-E3AA-4821-AF4C-38CD71A44C11}.Debug|Any CPU.ActiveCfg = Debug|Any CPU
		{5ABF3B1F-E3AA-4821-AF4C-38CD71A44C11}.Debug|Any CPU.Build.0 = Debug|Any CPU
		{5ABF3B1F-E3AA-4821-AF4C-38CD71A44C11}.Release|Any CPU.ActiveCfg = Release|Any CPU
		{5ABF3B1F-E3AA-4821-AF4C-38CD71A44C11}.Release|Any CPU.Build.0 = Release|Any CPU
	EndGlobalSection
	GlobalSection(SolutionProperties) = preSolution
		HideSolutionNode = FALSE
	EndGlobalSection
	GlobalSection(ExtensibilityGlobals) = postSolution
		SolutionGuid = {E72C0721-1D50-456C-AA78-BE2DF29E2C68}
	EndGlobalSection
EndGlobal
